{
    "_meta": {
        "hash": {
            "sha256": "774cfb0e8aa5daf76421395bc66338f5826913b1caff08629595ddda4b6be5da"
        },
        "pipfile-spec": 6,
        "requires": {},
        "sources": [
            {
                "name": "pypi",
                "url": "https://pypi.org/simple",
                "verify_ssl": true
            }
        ]
    },
    "default": {
        "resolvelib": {
            "editable": true,
            "path": "."
        }
    },
    "develop": {
        "invoke": {
            "hashes": [
                "sha256:21274204515dca62206470b088bbcf9d41ffda82b3715b90e01d71b7a4681921",
                "sha256:4a4cc031db311cbfb3fdd8ec93a06c892533c27b931f4be14b24c97cd042b14e",
                "sha256:621b6564f992c37166e16090d7e7cccb3b922e03a58e980dfa5e543a931b652f"
            ],
            "index": "pypi",
            "version": "==1.0.0"
        },
        "wheel": {
            "hashes": [
                "sha256:0a2e54558a0628f2145d2fc822137e322412115173e8a2ddbe1c9024338ae83c",
                "sha256:80044e51ec5bbf6c894ba0bc48d26a8c20a9ba629f4ca19ea26ecfcf87685f5f"
            ],
            "index": "pypi",
            "version": "==0.31.1"
        }
    }
}
